{
  "version": "4",
  "specifiers": {
    "jsr:@std/dotenv@0.225.2": "0.225.2",
    "npm:@hono/swagger-ui@0.4.1": "0.4.1_hono@4.6.5",
    "npm:@hono/zod-openapi@0.16.4": "0.16.4_hono@4.6.5_zod@3.23.8",
    "npm:@imgproxy/imgproxy-node@1.0.6": "1.0.6",
    "npm:@types/ip@1.1.3": "1.1.3",
    "npm:hono@4.6.5": "4.6.5",
    "npm:ip@2.0.1": "2.0.1",
    "npm:maxmind@4.3.22": "4.3.22",
    "npm:nostr-tools@2.8.1": "2.8.1"
  },
  "jsr": {
    "@std/dotenv@0.225.2": {
      "integrity": "e2025dce4de6c7bca21dece8baddd4262b09d5187217e231b033e088e0c4dd23"
    }
  },
  "npm": {
    "@asteasolutions/zod-to-openapi@7.2.0_zod@3.23.8": {
      "integrity": "sha512-Va+Fq1QzKkSgmiYINSp3cASFhMsbdRH/kmCk2feijhC+yNjGoC056CRqihrVFhR8MY8HOZHdlYm2Ns2lmszCiw==",
      "dependencies": [
        "openapi3-ts",
        "zod"
      ]
    },
    "@hono/swagger-ui@0.4.1_hono@4.6.5": {
      "integrity": "sha512-kPaJatHffeYQ3yVkHo878hCqwfapqx54FczJVJ+eRWt8J4biyVVMIdCAJb6MyA8bcnHUoTmUpPc7OJAV1VTg2g==",
      "dependencies": [
        "hono"
      ]
    },
    "@hono/zod-openapi@0.16.4_hono@4.6.5_zod@3.23.8": {
      "integrity": "sha512-mnF6GthBaKex0D5PsY/4lYNtkaGJNE38bjeUI//EUqq7Ee4TNm2su35IUiFH4HcmJp5fWYMLyOJOpjnkClzEGw==",
      "dependencies": [
        "@asteasolutions/zod-to-openapi",
        "@hono/zod-validator",
        "hono",
        "zod"
      ]
    },
    "@hono/zod-validator@0.3.0_hono@4.6.5_zod@3.23.8": {
      "integrity": "sha512-7XcTk3yYyk6ldrO/VuqsroE7stvDZxHJQcpATRAyha8rUxJNBPV3+6waDrARfgEqxOVlzIadm3/6sE/dPseXgQ==",
      "dependencies": [
        "hono",
        "zod"
      ]
    },
    "@imgproxy/imgproxy-js-core@1.0.8": {
      "integrity": "sha512-3oBneumj7b/YCeyLteKyKaidQSrDhEHnZMiVBHO0Hshju/YSplbzSeACZGwai7LyD3YMMpsK/kLIodXU6wbtMw=="
    },
    "@imgproxy/imgproxy-node@1.0.6": {
      "integrity": "sha512-Evdg3Ywry4RzIKTtQnHO3KsSKHa000GcdY4nRM2JRNdAgATv7fBD82nj6qzTgcqxpqcywnT1Sd2XGxxVg7ZC+w==",
      "dependencies": [
        "@imgproxy/imgproxy-js-core"
      ]
    },
    "@noble/ciphers@0.5.3": {
      "integrity": "sha512-B0+6IIHiqEs3BPMT0hcRmHvEj2QHOLu+uwt+tqDDeVd0oyVzh7BPrDcPjRnV1PV/5LaknXJJQvOuRGR0zQJz+w=="
    },
    "@noble/curves@1.1.0": {
      "integrity": "sha512-091oBExgENk/kGj3AZmtBDMpxQPDtxQABR2B9lb1JbVTs6ytdzZNwvhxQ4MWasRNEzlbEH8jCWFCwhF/Obj5AA==",
      "dependencies": [
        "@noble/hashes@1.3.1"
      ]
    },
    "@noble/curves@1.2.0": {
      "integrity": "sha512-oYclrNgRaM9SsBUBVbb8M6DTV7ZHRTKugureoYEncY5c65HOmRzvSiTE3y5CYaPYJA/GVkrhXEoF0M3Ya9PMnw==",
      "dependencies": [
        "@noble/hashes@1.3.2"
      ]
    },
    "@noble/hashes@1.3.1": {
      "integrity": "sha512-EbqwksQwz9xDRGfDST86whPBgM65E0OH/pCgqW0GBVzO22bNE+NuIbeTb714+IfSjU3aRk47EUvXIb5bTsenKA=="
    },
    "@noble/hashes@1.3.2": {
      "integrity": "sha512-MVC8EAQp7MvEcm30KWENFjgR+Mkmf+D189XJTkFIlwohU5hcBbn1ZkKq7KVTi2Hme3PMGF390DaL52beVrIihQ=="
    },
    "@scure/base@1.1.1": {
      "integrity": "sha512-ZxOhsSyxYwLJj3pLZCefNitxsj093tb2vq90mp2txoYeBqbcjDjqFhyM8eUjq/uFm6zJ+mUuqxlS2FkuSY1MTA=="
    },
    "@scure/bip32@1.3.1": {
      "integrity": "sha512-osvveYtyzdEVbt3OfwwXFr4P2iVBL5u1Q3q4ONBfDY/UpOuXmOlbgwc1xECEboY8wIays8Yt6onaWMUdUbfl0A==",
      "dependencies": [
        "@noble/curves@1.1.0",
        "@noble/hashes@1.3.2",
        "@scure/base"
      ]
    },
    "@scure/bip39@1.2.1": {
      "integrity": "sha512-Z3/Fsz1yr904dduJD0NpiyRHhRYHdcnyh73FZWiV+/qhWi83wNJ3NWolYqCEN+ZWsUz2TWwajJggcRE9r1zUYg==",
      "dependencies": [
        "@noble/hashes@1.3.2",
        "@scure/base"
      ]
    },
    "@types/ip@1.1.3": {
      "integrity": "sha512-64waoJgkXFTYnCYDUWgSATJ/dXEBanVkaP5d4Sbk7P6U7cTTMhxVyROTckc6JKdwCrgnAjZMn0k3177aQxtDEA==",
      "dependencies": [
        "@types/node"
      ]
    },
    "@types/node@22.5.4": {
      "integrity": "sha512-FDuKUJQm/ju9fT/SeX/6+gBzoPzlVCzfzmGkwKvRHQVxi4BntVbyIwf6a4Xn62mrvndLiml6z/UBXIdEVjQLXg==",
      "dependencies": [
        "undici-types"
      ]
    },
    "hono@4.6.5": {
      "integrity": "sha512-qsmN3V5fgtwdKARGLgwwHvcdLKursMd+YOt69eGpl1dUCJb8mCd7hZfyZnBYjxCegBG7qkJRQRUy2oO25yHcyQ=="
    },
    "ip@2.0.1": {
      "integrity": "sha512-lJUL9imLTNi1ZfXT+DU6rBBdbiKGBuay9B6xGSPVjUeQwaH1RIGqef8RZkUtHioLmSNpPR5M4HVKJGm1j8FWVQ=="
    },
    "maxmind@4.3.22": {
      "integrity": "sha512-dfLO11mE77ELTEIXNezfW0eslodsFLsZ1lQkLauP+5Zsg1m7kCGtljqRyVOd9E5Ne2RJgvY6UU09qvnVocOZvA==",
      "dependencies": [
        "mmdb-lib",
        "tiny-lru"
      ]
    },
    "mmdb-lib@2.1.1": {
      "integrity": "sha512-yx8H/1H5AfnufiLnzzPqPf4yr/dKU9IFT1rPVwSkrKWHsQEeVVd6+X+L0nUbXhlEFTu3y/7hu38CFmEVgzvyeg=="
    },
    "nostr-tools@2.8.1": {
      "integrity": "sha512-lInnbSjtBHviiEpxRt4rV73XdC9lMUuaMkvsiNVpIboGwebP19w4NOx91QRfupczGTSiKxV5X3GzxRr3IvHuCw==",
      "dependencies": [
        "@noble/ciphers",
        "@noble/curves@1.2.0",
        "@noble/hashes@1.3.1",
        "@scure/base",
        "@scure/bip32",
        "@scure/bip39",
        "nostr-wasm"
      ]
    },
    "nostr-wasm@0.1.0": {
      "integrity": "sha512-78BTryCLcLYv96ONU8Ws3Q1JzjlAt+43pWQhIl86xZmWeegYCNLPml7yQ+gG3vR6V5h4XGj+TxO+SS5dsThQIA=="
    },
    "openapi3-ts@4.4.0": {
      "integrity": "sha512-9asTNB9IkKEzWMcHmVZE7Ts3kC9G7AFHfs8i7caD8HbI76gEjdkId4z/AkP83xdZsH7PLAnnbl47qZkXuxpArw==",
      "dependencies": [
        "yaml"
      ]
    },
    "tiny-lru@11.2.11": {
      "integrity": "sha512-27BIW0dIWTYYoWNnqSmoNMKe5WIbkXsc0xaCQHd3/3xT2XMuMJrzHdrO9QBFR14emBz1Bu0dOAs2sCBBrvgPQA=="
    },
    "undici-types@6.19.8": {
      "integrity": "sha512-ve2KP6f/JnbPBFyobGHuerC9g1FYGn/F8n1LWTwNxCEzd6IfqTwUQcNXgEtmmQ6DlRrC1hrSrBnCZPokRrDHjw=="
    },
    "yaml@2.6.0": {
      "integrity": "sha512-a6ae//JvKDEra2kdi1qzCyrJW/WZCgFi8ydDV+eXExl95t+5R+ijnqHJbz9tmMh8FUjx3iv2fCQ4dclAQlO2UQ=="
    },
    "zod@3.23.8": {
      "integrity": "sha512-XBx9AXhXktjUqnepgTiE5flcKIYWi/rme0Eaj+5Y0lftuGBq+jyRu/md4WnuxqgP1ubdpNCsYEYPxrzVHD8d6g=="
    }
  },
  "workspace": {
    "dependencies": [
      "jsr:@std/dotenv@0.225.2",
      "npm:@hono/swagger-ui@0.4.1",
      "npm:@hono/zod-openapi@0.16.4",
      "npm:@imgproxy/imgproxy-node@1.0.6",
      "npm:@types/ip@1.1.3",
      "npm:hono@4.6.5",
      "npm:ip@2.0.1",
      "npm:maxmind@4.3.22",
      "npm:nostr-tools@2.8.1",
      "npm:zod@3.23.8"
    ]
  }
}
